
Microsoft Visual Studio Solution File, Format Version 12.00
# Visual Studio 15
VisualStudioVersion = 15.0.28307.106
MinimumVisualStudioVersion = 10.0.40219.1
Project("{FAE04EC0-301F-11D3-BF4B-00C04F79EFBC}") = "D-Library", "D-Library\D-Library.csproj", "{298A9CA5-A405-4EB1-8C01-277EF5BE02CD}"
EndProject
Global
	GlobalSection(SolutionConfigurationPlatforms) = preSolution
		Debug|Any CPU = Debug|Any CPU
		Release|Any CPU = Release|Any CPU
	EndGlobalSection
	GlobalSection(ProjectConfigurationPlatforms) = postSolution
		{298A9CA5-A405-4EB1-8C01-277EF5BE02CD}.Debug|Any CPU.ActiveCfg = Debug|Any CPU
		{298A9CA5-A405-4EB1-8C01-277EF5BE02CD}.Debug|Any CPU.Build.0 = Debug|Any CPU
		{298A9CA5-A405-4EB1-8C01-277EF5BE02CD}.Release|Any CPU.ActiveCfg = Release|Any CPU
		{298A9CA5-A405-4EB1-8C01-277EF5BE02CD}.Release|Any CPU.Build.0 = Release|Any CPU
	EndGlobalSection
	GlobalSection(SolutionProperties) = preSolution
		HideSolutionNode = FALSE
	EndGlobalSection
	GlobalSection(ExtensibilityGlobals) = postSolution
		SolutionGuid = {39DA1AB5-851C-4BEE-AE7A-882646EF03AC}
	EndGlobalSection
EndGlobal
